
Microsoft Visual Studio Solution File, Format Version 12.00
# Visual Studio Version 16
VisualStudioVersion = 16.0.31729.503
MinimumVisualStudioVersion = 10.0.40219.1
Project("{FAE04EC0-301F-11D3-BF4B-00C04F79EFBC}") = "BarcodeFinder", "BarcodeFinder\BarcodeFinder.csproj", "{825504A9-0AE0-47EA-A4DB-E73262555020}"
EndProject
Global
	GlobalSection(SolutionConfigurationPlatforms) = preSolution
		Debug|Any CPU = Debug|Any CPU
		Release|Any CPU = Release|Any CPU
	EndGlobalSection
	GlobalSection(ProjectConfigurationPlatforms) = postSolution
		{825504A9-0AE0-47EA-A4DB-E73262555020}.Debug|Any CPU.ActiveCfg = Debug|Any CPU
		{825504A9-0AE0-47EA-A4DB-E73262555020}.Debug|Any CPU.Build.0 = Debug|Any CPU
		{825504A9-0AE0-47EA-A4DB-E73262555020}.Release|Any CPU.ActiveCfg = Release|Any CPU
		{825504A9-0AE0-47EA-A4DB-E73262555020}.Release|Any CPU.Build.0 = Release|Any CPU
	EndGlobalSection
	GlobalSection(SolutionProperties) = preSolution
		HideSolutionNode = FALSE
	EndGlobalSection
	GlobalSection(ExtensibilityGlobals) = postSolution
		SolutionGuid = {5721B5E2-8348-47A9-B7A4-93F65C0709B2}
	EndGlobalSection
EndGlobal
